# This file is autogenerated, do not edit; changes may be undone by the next 'dep ensure'.


[[projects]]
  branch = "master"
  name = "github.com/zhanglp92/vendorTestPack1"
  packages = ["."]
  revision = "687780109cd314c1249faf090ae0b7db6de005b6"

[solve-meta]
  analyzer-name = "dep"
  analyzer-version = 1
  inputs-digest = "299dd25525daccad5d94a415dd875daf0efd6f2c0045f83f4882aca3623eec42"
  solver-name = "gps-cdcl"
  solver-version = 1
